// !$*UTF8*$!
{
	archiveVersion = 1;
	classes = {
	};
	objectVersion = 56;
	objects = {

/* Begin PBXBuildFile section */
		2A6C7FA02A86454A001FF3D1 /* AppDelegate.swift in Sources */ = {isa = PBXBuildFile; fileRef = 2A6C7F9F2A86454A001FF3D1 /* AppDelegate.swift */; };
		2A6C7FA92A86454B001FF3D1 /* Assets.xcassets in Resources */ = {isa = PBXBuildFile; fileRef = 2A6C7FA82A86454B001FF3D1 /* Assets.xcassets */; };
		2A6C7FAC2A86454B001FF3D1 /* LaunchScreen.storyboard in Resources */ = {isa = PBXBuildFile; fileRef = 2A6C7FAA2A86454B001FF3D1 /* LaunchScreen.storyboard */; };
		2A6C7FB42A864631001FF3D1 /* BaseVC.swift in Sources */ = {isa = PBXBuildFile; fileRef = 2A6C7FB32A864631001FF3D1 /* BaseVC.swift */; };
		2A6C7FB82A864663001FF3D1 /* BaseNC.swift in Sources */ = {isa = PBXBuildFile; fileRef = 2A6C7FB72A864663001FF3D1 /* BaseNC.swift */; };
		2A6C7FBA2A864692001FF3D1 /* NSLayout.swift in Sources */ = {isa = PBXBuildFile; fileRef = 2A6C7FB92A864692001FF3D1 /* NSLayout.swift */; };
		2A6C7FBC2A8646C5001FF3D1 /* CustomButtonView.swift in Sources */ = {isa = PBXBuildFile; fileRef = 2A6C7FBB2A8646C5001FF3D1 /* CustomButtonView.swift */; };
		2A6C7FBE2A8646FF001FF3D1 /* CustomTextField.swift in Sources */ = {isa = PBXBuildFile; fileRef = 2A6C7FBD2A8646FF001FF3D1 /* CustomTextField.swift */; };
		2A6C7FC02A86472D001FF3D1 /* CustomCollectionViewCell.swift in Sources */ = {isa = PBXBuildFile; fileRef = 2A6C7FBF2A86472D001FF3D1 /* CustomCollectionViewCell.swift */; };
		2A6C7FC22A86474E001FF3D1 /* CurrencyTableViewCell.swift in Sources */ = {isa = PBXBuildFile; fileRef = 2A6C7FC12A86474E001FF3D1 /* CurrencyTableViewCell.swift */; };
		2A6C7FC42A864777001FF3D1 /* NavigationBarView.swift in Sources */ = {isa = PBXBuildFile; fileRef = 2A6C7FC32A864777001FF3D1 /* NavigationBarView.swift */; };
		2A6C7FC62A86479A001FF3D1 /* UIViewHeader.swift in Sources */ = {isa = PBXBuildFile; fileRef = 2A6C7FC52A86479A001FF3D1 /* UIViewHeader.swift */; };
		2A6C7FC82A8647C2001FF3D1 /* ConvertUIView.swift in Sources */ = {isa = PBXBuildFile; fileRef = 2A6C7FC72A8647C2001FF3D1 /* ConvertUIView.swift */; };
		2A6C7FCA2A8647F4001FF3D1 /* ConverterTableViewCell.swift in Sources */ = {isa = PBXBuildFile; fileRef = 2A6C7FC92A8647F4001FF3D1 /* ConverterTableViewCell.swift */; };
		2A6C7FCF2A86483A001FF3D1 /* ConversionModel.swift in Sources */ = {isa = PBXBuildFile; fileRef = 2A6C7FCE2A86483A001FF3D1 /* ConversionModel.swift */; };
		2A6C7FD12A86486F001FF3D1 /* Conversion.json in Resources */ = {isa = PBXBuildFile; fileRef = 2A6C7FD02A86486F001FF3D1 /* Conversion.json */; };
		2A6C7FD52A8648A0001FF3D1 /* SalesConversion.json in Resources */ = {isa = PBXBuildFile; fileRef = 2A6C7FD42A8648A0001FF3D1 /* SalesConversion.json */; };
		2A6C7FD82A8648C9001FF3D1 /* ConversionViewModel.swift in Sources */ = {isa = PBXBuildFile; fileRef = 2A6C7FD72A8648C9001FF3D1 /* ConversionViewModel.swift */; };
		2A6C7FDC2A864949001FF3D1 /* CurrencyViewModel.swift in Sources */ = {isa = PBXBuildFile; fileRef = 2A6C7FDB2A864949001FF3D1 /* CurrencyViewModel.swift */; };
		2A6C7FE12A86498D001FF3D1 /* CashCurrency.json in Resources */ = {isa = PBXBuildFile; fileRef = 2A6C7FE02A86498D001FF3D1 /* CashCurrency.json */; };
		2A6C7FE32A8649A3001FF3D1 /* Currency.json in Resources */ = {isa = PBXBuildFile; fileRef = 2A6C7FE22A8649A3001FF3D1 /* Currency.json */; };
		2A6C7FE52A8649BB001FF3D1 /* CurrencyModel.swift in Sources */ = {isa = PBXBuildFile; fileRef = 2A6C7FE42A8649BB001FF3D1 /* CurrencyModel.swift */; };
		2A6C7FE82A864A08001FF3D1 /* LoginController.swift in Sources */ = {isa = PBXBuildFile; fileRef = 2A6C7FE72A864A08001FF3D1 /* LoginController.swift */; };
		2A6C7FEA2A864A46001FF3D1 /* HomePageController.swift in Sources */ = {isa = PBXBuildFile; fileRef = 2A6C7FE92A864A46001FF3D1 /* HomePageController.swift */; };
		2A6C7FEC2A864A9E001FF3D1 /* CurrencyController.swift in Sources */ = {isa = PBXBuildFile; fileRef = 2A6C7FEB2A864A9E001FF3D1 /* CurrencyController.swift */; };
		2A6C7FEF2A864AD2001FF3D1 /* ConversionController.swift in Sources */ = {isa = PBXBuildFile; fileRef = 2A6C7FEE2A864AD2001FF3D1 /* ConversionController.swift */; };
		2A6C7FF32A864B60001FF3D1 /* HomePageVM.swift in Sources */ = {isa = PBXBuildFile; fileRef = 2A6C7FF22A864B60001FF3D1 /* HomePageVM.swift */; };
		2A6C7FF62A864B8B001FF3D1 /* HomePage.json in Resources */ = {isa = PBXBuildFile; fileRef = 2A6C7FF52A864B8B001FF3D1 /* HomePage.json */; };
		2A6C7FF82A864BA2001FF3D1 /* HomePageModel.swift in Sources */ = {isa = PBXBuildFile; fileRef = 2A6C7FF72A864BA2001FF3D1 /* HomePageModel.swift */; };
/* End PBXBuildFile section */

/* Begin PBXFileReference section */
		2A6C7F9C2A86454A001FF3D1 /* RabitabankTask.app */ = {isa = PBXFileReference; explicitFileType = wrapper.application; includeInIndex = 0; path = RabitabankTask.app; sourceTree = BUILT_PRODUCTS_DIR; };
		2A6C7F9F2A86454A001FF3D1 /* AppDelegate.swift */ = {isa = PBXFileReference; lastKnownFileType = sourcecode.swift; path = AppDelegate.swift; sourceTree = "<group>"; };
		2A6C7FA82A86454B001FF3D1 /* Assets.xcassets */ = {isa = PBXFileReference; lastKnownFileType = folder.assetcatalog; path = Assets.xcassets; sourceTree = "<group>"; };
		2A6C7FAB2A86454B001FF3D1 /* Base */ = {isa = PBXFileReference; lastKnownFileType = file.storyboard; name = Base; path = Base.lproj/LaunchScreen.storyboard; sourceTree = "<group>"; };
		2A6C7FAD2A86454B001FF3D1 /* Info.plist */ = {isa = PBXFileReference; lastKnownFileType = text.plist.xml; path = Info.plist; sourceTree = "<group>"; };
		2A6C7FB32A864631001FF3D1 /* BaseVC.swift */ = {isa = PBXFileReference; lastKnownFileType = sourcecode.swift; path = BaseVC.swift; sourceTree = "<group>"; };
		2A6C7FB72A864663001FF3D1 /* BaseNC.swift */ = {isa = PBXFileReference; lastKnownFileType = sourcecode.swift; path = BaseNC.swift; sourceTree = "<group>"; };
		2A6C7FB92A864692001FF3D1 /* NSLayout.swift */ = {isa = PBXFileReference; lastKnownFileType = sourcecode.swift; path = NSLayout.swift; sourceTree = "<group>"; };
		2A6C7FBB2A8646C5001FF3D1 /* CustomButtonView.swift */ = {isa = PBXFileReference; lastKnownFileType = sourcecode.swift; path = CustomButtonView.swift; sourceTree = "<group>"; };
		2A6C7FBD2A8646FF001FF3D1 /* CustomTextField.swift */ = {isa = PBXFileReference; lastKnownFileType = sourcecode.swift; path = CustomTextField.swift; sourceTree = "<group>"; };
		2A6C7FBF2A86472D001FF3D1 /* CustomCollectionViewCell.swift */ = {isa = PBXFileReference; lastKnownFileType = sourcecode.swift; path = CustomCollectionViewCell.swift; sourceTree = "<group>"; };
		2A6C7FC12A86474E001FF3D1 /* CurrencyTableViewCell.swift */ = {isa = PBXFileReference; lastKnownFileType = sourcecode.swift; path = CurrencyTableViewCell.swift; sourceTree = "<group>"; };
		2A6C7FC32A864777001FF3D1 /* NavigationBarView.swift */ = {isa = PBXFileReference; lastKnownFileType = sourcecode.swift; path = NavigationBarView.swift; sourceTree = "<group>"; };
		2A6C7FC52A86479A001FF3D1 /* UIViewHeader.swift */ = {isa = PBXFileReference; lastKnownFileType = sourcecode.swift; path = UIViewHeader.swift; sourceTree = "<group>"; };
		2A6C7FC72A8647C2001FF3D1 /* ConvertUIView.swift */ = {isa = PBXFileReference; lastKnownFileType = sourcecode.swift; path = ConvertUIView.swift; sourceTree = "<group>"; };
		2A6C7FC92A8647F4001FF3D1 /* ConverterTableViewCell.swift */ = {isa = PBXFileReference; lastKnownFileType = sourcecode.swift; path = ConverterTableViewCell.swift; sourceTree = "<group>"; };
		2A6C7FCE2A86483A001FF3D1 /* ConversionModel.swift */ = {isa = PBXFileReference; lastKnownFileType = sourcecode.swift; path = ConversionModel.swift; sourceTree = "<group>"; };
		2A6C7FD02A86486F001FF3D1 /* Conversion.json */ = {isa = PBXFileReference; lastKnownFileType = text.json; path = Conversion.json; sourceTree = "<group>"; };
		2A6C7FD42A8648A0001FF3D1 /* SalesConversion.json */ = {isa = PBXFileReference; lastKnownFileType = text.json; path = SalesConversion.json; sourceTree = "<group>"; };
		2A6C7FD72A8648C9001FF3D1 /* ConversionViewModel.swift */ = {isa = PBXFileReference; lastKnownFileType = sourcecode.swift; path = ConversionViewModel.swift; sourceTree = "<group>"; };
		2A6C7FDB2A864949001FF3D1 /* CurrencyViewModel.swift */ = {isa = PBXFileReference; lastKnownFileType = sourcecode.swift; path = CurrencyViewModel.swift; sourceTree = "<group>"; };
		2A6C7FE02A86498D001FF3D1 /* CashCurrency.json */ = {isa = PBXFileReference; lastKnownFileType = text.json; path = CashCurrency.json; sourceTree = "<group>"; };
		2A6C7FE22A8649A3001FF3D1 /* Currency.json */ = {isa = PBXFileReference; lastKnownFileType = text.json; path = Currency.json; sourceTree = "<group>"; };
		2A6C7FE42A8649BB001FF3D1 /* CurrencyModel.swift */ = {isa = PBXFileReference; lastKnownFileType = sourcecode.swift; path = CurrencyModel.swift; sourceTree = "<group>"; };
		2A6C7FE72A864A08001FF3D1 /* LoginController.swift */ = {isa = PBXFileReference; lastKnownFileType = sourcecode.swift; path = LoginController.swift; sourceTree = "<group>"; };
		2A6C7FE92A864A46001FF3D1 /* HomePageController.swift */ = {isa = PBXFileReference; lastKnownFileType = sourcecode.swift; path = HomePageController.swift; sourceTree = "<group>"; };
		2A6C7FEB2A864A9E001FF3D1 /* CurrencyController.swift */ = {isa = PBXFileReference; lastKnownFileType = sourcecode.swift; path = CurrencyController.swift; sourceTree = "<group>"; };
		2A6C7FEE2A864AD2001FF3D1 /* ConversionController.swift */ = {isa = PBXFileReference; lastKnownFileType = sourcecode.swift; path = ConversionController.swift; sourceTree = "<group>"; };
		2A6C7FF22A864B60001FF3D1 /* HomePageVM.swift */ = {isa = PBXFileReference; lastKnownFileType = sourcecode.swift; path = HomePageVM.swift; sourceTree = "<group>"; };
		2A6C7FF52A864B8B001FF3D1 /* HomePage.json */ = {isa = PBXFileReference; lastKnownFileType = text.json; path = HomePage.json; sourceTree = "<group>"; };
		2A6C7FF72A864BA2001FF3D1 /* HomePageModel.swift */ = {isa = PBXFileReference; lastKnownFileType = sourcecode.swift; path = HomePageModel.swift; sourceTree = "<group>"; };
/* End PBXFileReference section */

/* Begin PBXFrameworksBuildPhase section */
		2A6C7F992A86454A001FF3D1 /* Frameworks */ = {
			isa = PBXFrameworksBuildPhase;
			buildActionMask = 2147483647;
			files = (
			);
			runOnlyForDeploymentPostprocessing = 0;
		};
/* End PBXFrameworksBuildPhase section */

/* Begin PBXGroup section */
		2A6C7F932A86454A001FF3D1 = {
			isa = PBXGroup;
			children = (
				2A6C7F9E2A86454A001FF3D1 /* RabitabankTask */,
				2A6C7F9D2A86454A001FF3D1 /* Products */,
			);
			sourceTree = "<group>";
		};
		2A6C7F9D2A86454A001FF3D1 /* Products */ = {
			isa = PBXGroup;
			children = (
				2A6C7F9C2A86454A001FF3D1 /* RabitabankTask.app */,
			);
			name = Products;
			sourceTree = "<group>";
		};
		2A6C7F9E2A86454A001FF3D1 /* RabitabankTask */ = {
			isa = PBXGroup;
			children = (
				2A6C7F9F2A86454A001FF3D1 /* AppDelegate.swift */,
				2A6C7FFE2A864E6B001FF3D1 /* Scenes */,
				2A6C7FFF2A864E93001FF3D1 /* Base */,
				2A6C7FFC2A864E34001FF3D1 /* Helper */,
				2A6C7FA82A86454B001FF3D1 /* Assets.xcassets */,
				2A6C7FAA2A86454B001FF3D1 /* LaunchScreen.storyboard */,
				2A6C7FAD2A86454B001FF3D1 /* Info.plist */,
			);
			path = RabitabankTask;
			sourceTree = "<group>";
		};
		2A6C7FCB2A86480F001FF3D1 /* Conversion */ = {
			isa = PBXGroup;
			children = (
				2A6C7FFB2A864D72001FF3D1 /* View */,
				2A6C7FCD2A864822001FF3D1 /* Model */,
				2A6C7FD62A8648B1001FF3D1 /* ViewModel */,
			);
			path = Conversion;
			sourceTree = "<group>";
		};
		2A6C7FCC2A86481A001FF3D1 /* Currency */ = {
			isa = PBXGroup;
			children = (
				2A6C7FE62A8649D0001FF3D1 /* View */,
				2A6C7FDD2A86495D001FF3D1 /* Model */,
				2A6C7FDA2A864939001FF3D1 /* ViewModel */,
			);
			path = Currency;
			sourceTree = "<group>";
		};
		2A6C7FCD2A864822001FF3D1 /* Model */ = {
			isa = PBXGroup;
			children = (
				2A6C7FCE2A86483A001FF3D1 /* ConversionModel.swift */,
				2A6C7FD02A86486F001FF3D1 /* Conversion.json */,
				2A6C7FD42A8648A0001FF3D1 /* SalesConversion.json */,
			);
			path = Model;
			sourceTree = "<group>";
		};
		2A6C7FD62A8648B1001FF3D1 /* ViewModel */ = {
			isa = PBXGroup;
			children = (
				2A6C7FD72A8648C9001FF3D1 /* ConversionViewModel.swift */,
			);
			path = ViewModel;
			sourceTree = "<group>";
		};
		2A6C7FDA2A864939001FF3D1 /* ViewModel */ = {
			isa = PBXGroup;
			children = (
				2A6C7FDB2A864949001FF3D1 /* CurrencyViewModel.swift */,
			);
			path = ViewModel;
			sourceTree = "<group>";
		};
		2A6C7FDD2A86495D001FF3D1 /* Model */ = {
			isa = PBXGroup;
			children = (
				2A6C7FE02A86498D001FF3D1 /* CashCurrency.json */,
				2A6C7FE22A8649A3001FF3D1 /* Currency.json */,
				2A6C7FE42A8649BB001FF3D1 /* CurrencyModel.swift */,
			);
			path = Model;
			sourceTree = "<group>";
		};
		2A6C7FE62A8649D0001FF3D1 /* View */ = {
			isa = PBXGroup;
			children = (
				2A6C7FEB2A864A9E001FF3D1 /* CurrencyController.swift */,
			);
			path = View;
			sourceTree = "<group>";
		};
		2A6C7FF02A864B43001FF3D1 /* HomePage */ = {
			isa = PBXGroup;
			children = (
				2A6C7FF42A864B7A001FF3D1 /* Model */,
				2A6C7FF92A864D47001FF3D1 /* View */,
				2A6C7FF12A864B4E001FF3D1 /* ViewModel */,
			);
			path = HomePage;
			sourceTree = "<group>";
		};
		2A6C7FF12A864B4E001FF3D1 /* ViewModel */ = {
			isa = PBXGroup;
			children = (
				2A6C7FF22A864B60001FF3D1 /* HomePageVM.swift */,
			);
			path = ViewModel;
			sourceTree = "<group>";
		};
		2A6C7FF42A864B7A001FF3D1 /* Model */ = {
			isa = PBXGroup;
			children = (
				2A6C7FF52A864B8B001FF3D1 /* HomePage.json */,
				2A6C7FF72A864BA2001FF3D1 /* HomePageModel.swift */,
			);
			path = Model;
			sourceTree = "<group>";
		};
		2A6C7FF92A864D47001FF3D1 /* View */ = {
			isa = PBXGroup;
			children = (
				2A6C7FE92A864A46001FF3D1 /* HomePageController.swift */,
			);
			path = View;
			sourceTree = "<group>";
		};
		2A6C7FFB2A864D72001FF3D1 /* View */ = {
			isa = PBXGroup;
			children = (
				2A6C7FEE2A864AD2001FF3D1 /* ConversionController.swift */,
			);
			path = View;
			sourceTree = "<group>";
		};
		2A6C7FFC2A864E34001FF3D1 /* Helper */ = {
			isa = PBXGroup;
			children = (
				2A6C7FC32A864777001FF3D1 /* NavigationBarView.swift */,
				2A6C7FB92A864692001FF3D1 /* NSLayout.swift */,
				2A6C7FBB2A8646C5001FF3D1 /* CustomButtonView.swift */,
				2A6C7FBD2A8646FF001FF3D1 /* CustomTextField.swift */,
				2A6C7FBF2A86472D001FF3D1 /* CustomCollectionViewCell.swift */,
				2A6C7FC12A86474E001FF3D1 /* CurrencyTableViewCell.swift */,
				2A6C7FC52A86479A001FF3D1 /* UIViewHeader.swift */,
				2A6C7FC72A8647C2001FF3D1 /* ConvertUIView.swift */,
				2A6C7FC92A8647F4001FF3D1 /* ConverterTableViewCell.swift */,
			);
			path = Helper;
			sourceTree = "<group>";
		};
		2A6C7FFD2A864E58001FF3D1 /* LoginPage */ = {
			isa = PBXGroup;
			children = (
				2A6C7FE72A864A08001FF3D1 /* LoginController.swift */,
			);
			path = LoginPage;
			sourceTree = "<group>";
		};
		2A6C7FFE2A864E6B001FF3D1 /* Scenes */ = {
			isa = PBXGroup;
			children = (
				2A6C7FCB2A86480F001FF3D1 /* Conversion */,
				2A6C7FCC2A86481A001FF3D1 /* Currency */,
				2A6C7FF02A864B43001FF3D1 /* HomePage */,
				2A6C7FFD2A864E58001FF3D1 /* LoginPage */,
			);
			path = Scenes;
			sourceTree = "<group>";
		};
		2A6C7FFF2A864E93001FF3D1 /* Base */ = {
			isa = PBXGroup;
			children = (
				2A6C7FB72A864663001FF3D1 /* BaseNC.swift */,
				2A6C7FB32A864631001FF3D1 /* BaseVC.swift */,
			);
			path = Base;
			sourceTree = "<group>";
		};
/* End PBXGroup section */

/* Begin PBXNativeTarget section */
		2A6C7F9B2A86454A001FF3D1 /* RabitabankTask */ = {
			isa = PBXNativeTarget;
			buildConfigurationList = 2A6C7FB02A86454B001FF3D1 /* Build configuration list for PBXNativeTarget "RabitabankTask" */;
			buildPhases = (
				2A6C7F982A86454A001FF3D1 /* Sources */,
				2A6C7F992A86454A001FF3D1 /* Frameworks */,
				2A6C7F9A2A86454A001FF3D1 /* Resources */,
			);
			buildRules = (
			);
			dependencies = (
			);
			name = RabitabankTask;
			productName = RabitabankTask;
			productReference = 2A6C7F9C2A86454A001FF3D1 /* RabitabankTask.app */;
			productType = "com.apple.product-type.application";
		};
/* End PBXNativeTarget section */

/* Begin PBXProject section */
		2A6C7F942A86454A001FF3D1 /* Project object */ = {
			isa = PBXProject;
			attributes = {
				BuildIndependentTargetsInParallel = 1;
				LastSwiftUpdateCheck = 1420;
				LastUpgradeCheck = 1420;
				TargetAttributes = {
					2A6C7F9B2A86454A001FF3D1 = {
						CreatedOnToolsVersion = 14.2;
					};
				};
			};
			buildConfigurationList = 2A6C7F972A86454A001FF3D1 /* Build configuration list for PBXProject "RabitabankTask" */;
			compatibilityVersion = "Xcode 14.0";
			developmentRegion = en;
			hasScannedForEncodings = 0;
			knownRegions = (
				en,
				Base,
			);
			mainGroup = 2A6C7F932A86454A001FF3D1;
			productRefGroup = 2A6C7F9D2A86454A001FF3D1 /* Products */;
			projectDirPath = "";
			projectRoot = "";
			targets = (
				2A6C7F9B2A86454A001FF3D1 /* RabitabankTask */,
			);
		};
/* End PBXProject section */

/* Begin PBXResourcesBuildPhase section */
		2A6C7F9A2A86454A001FF3D1 /* Resources */ = {
			isa = PBXResourcesBuildPhase;
			buildActionMask = 2147483647;
			files = (
				2A6C7FE32A8649A3001FF3D1 /* Currency.json in Resources */,
				2A6C7FE12A86498D001FF3D1 /* CashCurrency.json in Resources */,
				2A6C7FAC2A86454B001FF3D1 /* LaunchScreen.storyboard in Resources */,
				2A6C7FF62A864B8B001FF3D1 /* HomePage.json in Resources */,
				2A6C7FA92A86454B001FF3D1 /* Assets.xcassets in Resources */,
				2A6C7FD52A8648A0001FF3D1 /* SalesConversion.json in Resources */,
				2A6C7FD12A86486F001FF3D1 /* Conversion.json in Resources */,
			);
			runOnlyForDeploymentPostprocessing = 0;
		};
/* End PBXResourcesBuildPhase section */

/* Begin PBXSourcesBuildPhase section */
		2A6C7F982A86454A001FF3D1 /* Sources */ = {
			isa = PBXSourcesBuildPhase;
			buildActionMask = 2147483647;
			files = (
				2A6C7FD82A8648C9001FF3D1 /* ConversionViewModel.swift in Sources */,
				2A6C7FDC2A864949001FF3D1 /* CurrencyViewModel.swift in Sources */,
				2A6C7FF32A864B60001FF3D1 /* HomePageVM.swift in Sources */,
				2A6C7FBC2A8646C5001FF3D1 /* CustomButtonView.swift in Sources */,
				2A6C7FCF2A86483A001FF3D1 /* ConversionModel.swift in Sources */,
				2A6C7FC02A86472D001FF3D1 /* CustomCollectionViewCell.swift in Sources */,
				2A6C7FEC2A864A9E001FF3D1 /* CurrencyController.swift in Sources */,
				2A6C7FBA2A864692001FF3D1 /* NSLayout.swift in Sources */,
				2A6C7FEF2A864AD2001FF3D1 /* ConversionController.swift in Sources */,
				2A6C7FBE2A8646FF001FF3D1 /* CustomTextField.swift in Sources */,
				2A6C7FC22A86474E001FF3D1 /* CurrencyTableViewCell.swift in Sources */,
				2A6C7FC62A86479A001FF3D1 /* UIViewHeader.swift in Sources */,
				2A6C7FC82A8647C2001FF3D1 /* ConvertUIView.swift in Sources */,
				2A6C7FE52A8649BB001FF3D1 /* CurrencyModel.swift in Sources */,
				2A6C7FE82A864A08001FF3D1 /* LoginController.swift in Sources */,
				2A6C7FB82A864663001FF3D1 /* BaseNC.swift in Sources */,
				2A6C7FA02A86454A001FF3D1 /* AppDelegate.swift in Sources */,
				2A6C7FB42A864631001FF3D1 /* BaseVC.swift in Sources */,
				2A6C7FCA2A8647F4001FF3D1 /* ConverterTableViewCell.swift in Sources */,
				2A6C7FF82A864BA2001FF3D1 /* HomePageModel.swift in Sources */,
				2A6C7FC42A864777001FF3D1 /* NavigationBarView.swift in Sources */,
				2A6C7FEA2A864A46001FF3D1 /* HomePageController.swift in Sources */,
			);
			runOnlyForDeploymentPostprocessing = 0;
		};
/* End PBXSourcesBuildPhase section */

/* Begin PBXVariantGroup section */
		2A6C7FAA2A86454B001FF3D1 /* LaunchScreen.storyboard */ = {
			isa = PBXVariantGroup;
			children = (
				2A6C7FAB2A86454B001FF3D1 /* Base */,
			);
			name = LaunchScreen.storyboard;
			sourceTree = "<group>";
		};
/* End PBXVariantGroup section */

/* Begin XCBuildConfiguration section */
		2A6C7FAE2A86454B001FF3D1 /* Debug */ = {
			isa = XCBuildConfiguration;
			buildSettings = {
				ALWAYS_SEARCH_USER_PATHS = NO;
				CLANG_ANALYZER_NONNULL = YES;
				CLANG_ANALYZER_NUMBER_OBJECT_CONVERSION = YES_AGGRESSIVE;
				CLANG_CXX_LANGUAGE_STANDARD = "gnu++20";
				CLANG_ENABLE_MODULES = YES;
				CLANG_ENABLE_OBJC_ARC = YES;
				CLANG_ENABLE_OBJC_WEAK = YES;
				CLANG_WARN_BLOCK_CAPTURE_AUTORELEASING = YES;
				CLANG_WARN_BOOL_CONVERSION = YES;
				CLANG_WARN_COMMA = YES;
				CLANG_WARN_CONSTANT_CONVERSION = YES;
				CLANG_WARN_DEPRECATED_OBJC_IMPLEMENTATIONS = YES;
				CLANG_WARN_DIRECT_OBJC_ISA_USAGE = YES_ERROR;
				CLANG_WARN_DOCUMENTATION_COMMENTS = YES;
				CLANG_WARN_EMPTY_BODY = YES;
				CLANG_WARN_ENUM_CONVERSION = YES;
				CLANG_WARN_INFINITE_RECURSION = YES;
				CLANG_WARN_INT_CONVERSION = YES;
				CLANG_WARN_NON_LITERAL_NULL_CONVERSION = YES;
				CLANG_WARN_OBJC_IMPLICIT_RETAIN_SELF = YES;
				CLANG_WARN_OBJC_LITERAL_CONVERSION = YES;
				CLANG_WARN_OBJC_ROOT_CLASS = YES_ERROR;
				CLANG_WARN_QUOTED_INCLUDE_IN_FRAMEWORK_HEADER = YES;
				CLANG_WARN_RANGE_LOOP_ANALYSIS = YES;
				CLANG_WARN_STRICT_PROTOTYPES = YES;
				CLANG_WARN_SUSPICIOUS_MOVE = YES;
				CLANG_WARN_UNGUARDED_AVAILABILITY = YES_AGGRESSIVE;
				CLANG_WARN_UNREACHABLE_CODE = YES;
				CLANG_WARN__DUPLICATE_METHOD_MATCH = YES;
				COPY_PHASE_STRIP = NO;
				DEBUG_INFORMATION_FORMAT = dwarf;
				ENABLE_STRICT_OBJC_MSGSEND = YES;
				ENABLE_TESTABILITY = YES;
				GCC_C_LANGUAGE_STANDARD = gnu11;
				GCC_DYNAMIC_NO_PIC = NO;
				GCC_NO_COMMON_BLOCKS = YES;
				GCC_OPTIMIZATION_LEVEL = 0;
				GCC_PREPROCESSOR_DEFINITIONS = (
					"DEBUG=1",
					"$(inherited)",
				);
				GCC_WARN_64_TO_32_BIT_CONVERSION = YES;
				GCC_WARN_ABOUT_RETURN_TYPE = YES_ERROR;
				GCC_WARN_UNDECLARED_SELECTOR = YES;
				GCC_WARN_UNINITIALIZED_AUTOS = YES_AGGRESSIVE;
				GCC_WARN_UNUSED_FUNCTION = YES;
				GCC_WARN_UNUSED_VARIABLE = YES;
				IPHONEOS_DEPLOYMENT_TARGET = 16.2;
				MTL_ENABLE_DEBUG_INFO = INCLUDE_SOURCE;
				MTL_FAST_MATH = YES;
				ONLY_ACTIVE_ARCH = YES;
				SDKROOT = iphoneos;
				SWIFT_ACTIVE_COMPILATION_CONDITIONS = DEBUG;
				SWIFT_OPTIMIZATION_LEVEL = "-Onone";
			};
			name = Debug;
		};
		2A6C7FAF2A86454B001FF3D1 /* Release */ = {
			isa = XCBuildConfiguration;
			buildSettings = {
				ALWAYS_SEARCH_USER_PATHS = NO;
				CLANG_ANALYZER_NONNULL = YES;
				CLANG_ANALYZER_NUMBER_OBJECT_CONVERSION = YES_AGGRESSIVE;
				CLANG_CXX_LANGUAGE_STANDARD = "gnu++20";
				CLANG_ENABLE_MODULES = YES;
				CLANG_ENABLE_OBJC_ARC = YES;
				CLANG_ENABLE_OBJC_WEAK = YES;
				CLANG_WARN_BLOCK_CAPTURE_AUTORELEASING = YES;
				CLANG_WARN_BOOL_CONVERSION = YES;
				CLANG_WARN_COMMA = YES;
				CLANG_WARN_CONSTANT_CONVERSION = YES;
				CLANG_WARN_DEPRECATED_OBJC_IMPLEMENTATIONS = YES;
				CLANG_WARN_DIRECT_OBJC_ISA_USAGE = YES_ERROR;
				CLANG_WARN_DOCUMENTATION_COMMENTS = YES;
				CLANG_WARN_EMPTY_BODY = YES;
				CLANG_WARN_ENUM_CONVERSION = YES;
				CLANG_WARN_INFINITE_RECURSION = YES;
				CLANG_WARN_INT_CONVERSION = YES;
				CLANG_WARN_NON_LITERAL_NULL_CONVERSION = YES;
				CLANG_WARN_OBJC_IMPLICIT_RETAIN_SELF = YES;
				CLANG_WARN_OBJC_LITERAL_CONVERSION = YES;
				CLANG_WARN_OBJC_ROOT_CLASS = YES_ERROR;
				CLANG_WARN_QUOTED_INCLUDE_IN_FRAMEWORK_HEADER = YES;
				CLANG_WARN_RANGE_LOOP_ANALYSIS = YES;
				CLANG_WARN_STRICT_PROTOTYPES = YES;
				CLANG_WARN_SUSPICIOUS_MOVE = YES;
				CLANG_WARN_UNGUARDED_AVAILABILITY = YES_AGGRESSIVE;
				CLANG_WARN_UNREACHABLE_CODE = YES;
				CLANG_WARN__DUPLICATE_METHOD_MATCH = YES;
				COPY_PHASE_STRIP = NO;
				DEBUG_INFORMATION_FORMAT = "dwarf-with-dsym";
				ENABLE_NS_ASSERTIONS = NO;
				ENABLE_STRICT_OBJC_MSGSEND = YES;
				GCC_C_LANGUAGE_STANDARD = gnu11;
				GCC_NO_COMMON_BLOCKS = YES;
				GCC_WARN_64_TO_32_BIT_CONVERSION = YES;
				GCC_WARN_ABOUT_RETURN_TYPE = YES_ERROR;
				GCC_WARN_UNDECLARED_SELECTOR = YES;
				GCC_WARN_UNINITIALIZED_AUTOS = YES_AGGRESSIVE;
				GCC_WARN_UNUSED_FUNCTION = YES;
				GCC_WARN_UNUSED_VARIABLE = YES;
				IPHONEOS_DEPLOYMENT_TARGET = 16.2;
				MTL_ENABLE_DEBUG_INFO = NO;
				MTL_FAST_MATH = YES;
				SDKROOT = iphoneos;
				SWIFT_COMPILATION_MODE = wholemodule;
				SWIFT_OPTIMIZATION_LEVEL = "-O";
				VALIDATE_PRODUCT = YES;
			};
			name = Release;
		};
		2A6C7FB12A86454B001FF3D1 /* Debug */ = {
			isa = XCBuildConfiguration;
			buildSettings = {
				ASSETCATALOG_COMPILER_APPICON_NAME = AppIcon;
				ASSETCATALOG_COMPILER_GLOBAL_ACCENT_COLOR_NAME = AccentColor;
				CODE_SIGN_STYLE = Automatic;
				CURRENT_PROJECT_VERSION = 1;
				DEVELOPMENT_TEAM = M95DBH5FSP;
				GENERATE_INFOPLIST_FILE = YES;
				INFOPLIST_FILE = RabitabankTask/Info.plist;
				INFOPLIST_KEY_UIApplicationSupportsIndirectInputEvents = YES;
				INFOPLIST_KEY_UILaunchStoryboardName = LaunchScreen;
				INFOPLIST_KEY_UISupportedInterfaceOrientations_iPad = "UIInterfaceOrientationPortrait UIInterfaceOrientationPortraitUpsideDown UIInterfaceOrientationLandscapeLeft UIInterfaceOrientationLandscapeRight";
				INFOPLIST_KEY_UISupportedInterfaceOrientations_iPhone = "UIInterfaceOrientationPortrait UIInterfaceOrientationLandscapeLeft UIInterfaceOrientationLandscapeRight";
				LD_RUNPATH_SEARCH_PATHS = (
					"$(inherited)",
					"@executable_path/Frameworks",
				);
				MARKETING_VERSION = 1.0;
				PRODUCT_BUNDLE_IDENTIFIER = Vasif.RabitabankTask;
				PRODUCT_NAME = "$(TARGET_NAME)";
				SWIFT_EMIT_LOC_STRINGS = YES;
				SWIFT_VERSION = 5.0;
				TARGETED_DEVICE_FAMILY = "1,2";
			};
			name = Debug;
		};
		2A6C7FB22A86454B001FF3D1 /* Release */ = {
			isa = XCBuildConfiguration;
			buildSettings = {
				ASSETCATALOG_COMPILER_APPICON_NAME = AppIcon;
				ASSETCATALOG_COMPILER_GLOBAL_ACCENT_COLOR_NAME = AccentColor;
				CODE_SIGN_STYLE = Automatic;
				CURRENT_PROJECT_VERSION = 1;
				DEVELOPMENT_TEAM = M95DBH5FSP;
				GENERATE_INFOPLIST_FILE = YES;
				INFOPLIST_FILE = RabitabankTask/Info.plist;
				INFOPLIST_KEY_UIApplicationSupportsIndirectInputEvents = YES;
				INFOPLIST_KEY_UILaunchStoryboardName = LaunchScreen;
				INFOPLIST_KEY_UISupportedInterfaceOrientations_iPad = "UIInterfaceOrientationPortrait UIInterfaceOrientationPortraitUpsideDown UIInterfaceOrientationLandscapeLeft UIInterfaceOrientationLandscapeRight";
				INFOPLIST_KEY_UISupportedInterfaceOrientations_iPhone = "UIInterfaceOrientationPortrait UIInterfaceOrientationLandscapeLeft UIInterfaceOrientationLandscapeRight";
				LD_RUNPATH_SEARCH_PATHS = (
					"$(inherited)",
					"@executable_path/Frameworks",
				);
				MARKETING_VERSION = 1.0;
				PRODUCT_BUNDLE_IDENTIFIER = Vasif.RabitabankTask;
				PRODUCT_NAME = "$(TARGET_NAME)";
				SWIFT_EMIT_LOC_STRINGS = YES;
				SWIFT_VERSION = 5.0;
				TARGETED_DEVICE_FAMILY = "1,2";
			};
			name = Release;
		};
/* End XCBuildConfiguration section */

/* Begin XCConfigurationList section */
		2A6C7F972A86454A001FF3D1 /* Build configuration list for PBXProject "RabitabankTask" */ = {
			isa = XCConfigurationList;
			buildConfigurations = (
				2A6C7FAE2A86454B001FF3D1 /* Debug */,
				2A6C7FAF2A86454B001FF3D1 /* Release */,
			);
			defaultConfigurationIsVisible = 0;
			defaultConfigurationName = Release;
		};
		2A6C7FB02A86454B001FF3D1 /* Build configuration list for PBXNativeTarget "RabitabankTask" */ = {
			isa = XCConfigurationList;
			buildConfigurations = (
				2A6C7FB12A86454B001FF3D1 /* Debug */,
				2A6C7FB22A86454B001FF3D1 /* Release */,
			);
			defaultConfigurationIsVisible = 0;
			defaultConfigurationName = Release;
		};
/* End XCConfigurationList section */
	};
	rootObject = 2A6C7F942A86454A001FF3D1 /* Project object */;
}
